
Microsoft Visual Studio Solution File, Format Version 12.00
# Visual Studio Version 17
VisualStudioVersion = 17.0.31903.59
MinimumVisualStudioVersion = 10.0.40219.1
Project("{FAE04EC0-301F-11D3-BF4B-00C04F79EFBC}") = "BOMManager", "BOMManager.csproj", "{0739175C-EC8A-4D58-8020-C57416029C73}"
EndProject
Project("{FAE04EC0-301F-11D3-BF4B-00C04F79EFBC}") = "BOMManagerTests", "tests\BOMManagerTests.csproj", "{EFA11144-6DBB-4740-AF1B-6B37ED660005}"
EndProject
Global
	GlobalSection(SolutionConfigurationPlatforms) = preSolution
		Debug|Any CPU = Debug|Any CPU
		Release|Any CPU = Release|Any CPU
	EndGlobalSection
	GlobalSection(SolutionProperties) = preSolution
		HideSolutionNode = FALSE
	EndGlobalSection
	GlobalSection(ProjectConfigurationPlatforms) = postSolution
		{0739175C-EC8A-4D58-8020-C57416029C73}.Debug|Any CPU.ActiveCfg = Debug|Any CPU
		{0739175C-EC8A-4D58-8020-C57416029C73}.Debug|Any CPU.Build.0 = Debug|Any CPU
		{0739175C-EC8A-4D58-8020-C57416029C73}.Release|Any CPU.ActiveCfg = Release|Any CPU
		{0739175C-EC8A-4D58-8020-C57416029C73}.Release|Any CPU.Build.0 = Release|Any CPU
		{EFA11144-6DBB-4740-AF1B-6B37ED660005}.Debug|Any CPU.ActiveCfg = Debug|Any CPU
		{EFA11144-6DBB-4740-AF1B-6B37ED660005}.Debug|Any CPU.Build.0 = Debug|Any CPU
		{EFA11144-6DBB-4740-AF1B-6B37ED660005}.Release|Any CPU.ActiveCfg = Release|Any CPU
		{EFA11144-6DBB-4740-AF1B-6B37ED660005}.Release|Any CPU.Build.0 = Release|Any CPU
	EndGlobalSection
EndGlobal
